// !$*UTF8*$!
{
	archiveVersion = 1;
	classes = {
	};
	objectVersion = 55;
	objects = {

/* Begin PBXBuildFile section */
		365742DB28B64CF3008208A6 /* Tests_iOS.swift in Sources */ = {isa = PBXBuildFile; fileRef = 365742DA28B64CF3008208A6 /* Tests_iOS.swift */; };
		365742DD28B64CF3008208A6 /* Tests_iOSLaunchTests.swift in Sources */ = {isa = PBXBuildFile; fileRef = 365742DC28B64CF3008208A6 /* Tests_iOSLaunchTests.swift */; };
		365742E728B64CF3008208A6 /* Tests_macOS.swift in Sources */ = {isa = PBXBuildFile; fileRef = 365742E628B64CF3008208A6 /* Tests_macOS.swift */; };
		365742E928B64CF3008208A6 /* Tests_macOSLaunchTests.swift in Sources */ = {isa = PBXBuildFile; fileRef = 365742E828B64CF3008208A6 /* Tests_macOSLaunchTests.swift */; };
		365742EA28B64CF3008208A6 /* NoteApp_MultiPlatformApp.swift in Sources */ = {isa = PBXBuildFile; fileRef = 365742C228B64CF1008208A6 /* NoteApp_MultiPlatformApp.swift */; };
		365742EB28B64CF3008208A6 /* NoteApp_MultiPlatformApp.swift in Sources */ = {isa = PBXBuildFile; fileRef = 365742C228B64CF1008208A6 /* NoteApp_MultiPlatformApp.swift */; };
		365742EC28B64CF3008208A6 /* ContentView.swift in Sources */ = {isa = PBXBuildFile; fileRef = 365742C328B64CF1008208A6 /* ContentView.swift */; };
		365742ED28B64CF3008208A6 /* ContentView.swift in Sources */ = {isa = PBXBuildFile; fileRef = 365742C328B64CF1008208A6 /* ContentView.swift */; };
		365742EE28B64CF3008208A6 /* Assets.xcassets in Resources */ = {isa = PBXBuildFile; fileRef = 365742C428B64CF2008208A6 /* Assets.xcassets */; };
		365742EF28B64CF3008208A6 /* Assets.xcassets in Resources */ = {isa = PBXBuildFile; fileRef = 365742C428B64CF2008208A6 /* Assets.xcassets */; };
		3657430028B64E4F008208A6 /* Home.swift in Sources */ = {isa = PBXBuildFile; fileRef = 365742FF28B64E4F008208A6 /* Home.swift */; };
		3657430128B64E5D008208A6 /* Home.swift in Sources */ = {isa = PBXBuildFile; fileRef = 365742FF28B64E4F008208A6 /* Home.swift */; };
		3657430428B66EBB008208A6 /* Note.swift in Sources */ = {isa = PBXBuildFile; fileRef = 3657430328B66EBB008208A6 /* Note.swift */; };
		3657430528B67108008208A6 /* Note.swift in Sources */ = {isa = PBXBuildFile; fileRef = 3657430328B66EBB008208A6 /* Note.swift */; };
		3657430728B68506008208A6 /* BlurView.swift in Sources */ = {isa = PBXBuildFile; fileRef = 3657430628B68506008208A6 /* BlurView.swift */; };
/* End PBXBuildFile section */

/* Begin PBXContainerItemProxy section */
		365742D728B64CF3008208A6 /* PBXContainerItemProxy */ = {
			isa = PBXContainerItemProxy;
			containerPortal = 365742BD28B64CF0008208A6 /* Project object */;
			proxyType = 1;
			remoteGlobalIDString = 365742C828B64CF2008208A6;
			remoteInfo = "NoteApp-MultiPlatform (iOS)";
		};
		365742E328B64CF3008208A6 /* PBXContainerItemProxy */ = {
			isa = PBXContainerItemProxy;
			containerPortal = 365742BD28B64CF0008208A6 /* Project object */;
			proxyType = 1;
			remoteGlobalIDString = 365742CE28B64CF2008208A6;
			remoteInfo = "NoteApp-MultiPlatform (macOS)";
		};
/* End PBXContainerItemProxy section */

/* Begin PBXFileReference section */
		365742C228B64CF1008208A6 /* NoteApp_MultiPlatformApp.swift */ = {isa = PBXFileReference; lastKnownFileType = sourcecode.swift; path = NoteApp_MultiPlatformApp.swift; sourceTree = "<group>"; };
		365742C328B64CF1008208A6 /* ContentView.swift */ = {isa = PBXFileReference; lastKnownFileType = sourcecode.swift; path = ContentView.swift; sourceTree = "<group>"; };
		365742C428B64CF2008208A6 /* Assets.xcassets */ = {isa = PBXFileReference; lastKnownFileType = folder.assetcatalog; path = Assets.xcassets; sourceTree = "<group>"; };
		365742C928B64CF2008208A6 /* NoteApp-MultiPlatform.app */ = {isa = PBXFileReference; explicitFileType = wrapper.application; includeInIndex = 0; path = "NoteApp-MultiPlatform.app"; sourceTree = BUILT_PRODUCTS_DIR; };
		365742CF28B64CF2008208A6 /* NoteApp-MultiPlatform.app */ = {isa = PBXFileReference; explicitFileType = wrapper.application; includeInIndex = 0; path = "NoteApp-MultiPlatform.app"; sourceTree = BUILT_PRODUCTS_DIR; };
		365742D128B64CF3008208A6 /* macOS.entitlements */ = {isa = PBXFileReference; lastKnownFileType = text.plist.entitlements; path = macOS.entitlements; sourceTree = "<group>"; };
		365742D628B64CF3008208A6 /* Tests iOS.xctest */ = {isa = PBXFileReference; explicitFileType = wrapper.cfbundle; includeInIndex = 0; path = "Tests iOS.xctest"; sourceTree = BUILT_PRODUCTS_DIR; };
		365742DA28B64CF3008208A6 /* Tests_iOS.swift */ = {isa = PBXFileReference; lastKnownFileType = sourcecode.swift; path = Tests_iOS.swift; sourceTree = "<group>"; };
		365742DC28B64CF3008208A6 /* Tests_iOSLaunchTests.swift */ = {isa = PBXFileReference; lastKnownFileType = sourcecode.swift; path = Tests_iOSLaunchTests.swift; sourceTree = "<group>"; };
		365742E228B64CF3008208A6 /* Tests macOS.xctest */ = {isa = PBXFileReference; explicitFileType = wrapper.cfbundle; includeInIndex = 0; path = "Tests macOS.xctest"; sourceTree = BUILT_PRODUCTS_DIR; };
		365742E628B64CF3008208A6 /* Tests_macOS.swift */ = {isa = PBXFileReference; lastKnownFileType = sourcecode.swift; path = Tests_macOS.swift; sourceTree = "<group>"; };
		365742E828B64CF3008208A6 /* Tests_macOSLaunchTests.swift */ = {isa = PBXFileReference; lastKnownFileType = sourcecode.swift; path = Tests_macOSLaunchTests.swift; sourceTree = "<group>"; };
		365742FF28B64E4F008208A6 /* Home.swift */ = {isa = PBXFileReference; lastKnownFileType = sourcecode.swift; path = Home.swift; sourceTree = "<group>"; };
		3657430328B66EBB008208A6 /* Note.swift */ = {isa = PBXFileReference; lastKnownFileType = sourcecode.swift; path = Note.swift; sourceTree = "<group>"; };
		3657430628B68506008208A6 /* BlurView.swift */ = {isa = PBXFileReference; lastKnownFileType = sourcecode.swift; path = BlurView.swift; sourceTree = "<group>"; };
/* End PBXFileReference section */

/* Begin PBXFrameworksBuildPhase section */
		365742C628B64CF2008208A6 /* Frameworks */ = {
			isa = PBXFrameworksBuildPhase;
			buildActionMask = 2147483647;
			files = (
			);
			runOnlyForDeploymentPostprocessing = 0;
		};
		365742CC28B64CF2008208A6 /* Frameworks */ = {
			isa = PBXFrameworksBuildPhase;
			buildActionMask = 2147483647;
			files = (
			);
			runOnlyForDeploymentPostprocessing = 0;
		};
		365742D328B64CF3008208A6 /* Frameworks */ = {
			isa = PBXFrameworksBuildPhase;
			buildActionMask = 2147483647;
			files = (
			);
			runOnlyForDeploymentPostprocessing = 0;
		};
		365742DF28B64CF3008208A6 /* Frameworks */ = {
			isa = PBXFrameworksBuildPhase;
			buildActionMask = 2147483647;
			files = (
			);
			runOnlyForDeploymentPostprocessing = 0;
		};
/* End PBXFrameworksBuildPhase section */

/* Begin PBXGroup section */
		365742BC28B64CF0008208A6 = {
			isa = PBXGroup;
			children = (
				365742C128B64CF1008208A6 /* Shared */,
				365742D028B64CF2008208A6 /* macOS */,
				365742D928B64CF3008208A6 /* Tests iOS */,
				365742E528B64CF3008208A6 /* Tests macOS */,
				365742CA28B64CF2008208A6 /* Products */,
			);
			sourceTree = "<group>";
		};
		365742C128B64CF1008208A6 /* Shared */ = {
			isa = PBXGroup;
			children = (
				3657430228B66EA9008208A6 /* Model */,
				365742FE28B64E34008208A6 /* View */,
				365742C228B64CF1008208A6 /* NoteApp_MultiPlatformApp.swift */,
				365742C328B64CF1008208A6 /* ContentView.swift */,
				365742C428B64CF2008208A6 /* Assets.xcassets */,
			);
			path = Shared;
			sourceTree = "<group>";
		};
		365742CA28B64CF2008208A6 /* Products */ = {
			isa = PBXGroup;
			children = (
				365742C928B64CF2008208A6 /* NoteApp-MultiPlatform.app */,
				365742CF28B64CF2008208A6 /* NoteApp-MultiPlatform.app */,
				365742D628B64CF3008208A6 /* Tests iOS.xctest */,
				365742E228B64CF3008208A6 /* Tests macOS.xctest */,
			);
			name = Products;
			sourceTree = "<group>";
		};
		365742D028B64CF2008208A6 /* macOS */ = {
			isa = PBXGroup;
			children = (
				365742D128B64CF3008208A6 /* macOS.entitlements */,
			);
			path = macOS;
			sourceTree = "<group>";
		};
		365742D928B64CF3008208A6 /* Tests iOS */ = {
			isa = PBXGroup;
			children = (
				365742DA28B64CF3008208A6 /* Tests_iOS.swift */,
				365742DC28B64CF3008208A6 /* Tests_iOSLaunchTests.swift */,
			);
			path = "Tests iOS";
			sourceTree = "<group>";
		};
		365742E528B64CF3008208A6 /* Tests macOS */ = {
			isa = PBXGroup;
			children = (
				365742E628B64CF3008208A6 /* Tests_macOS.swift */,
				365742E828B64CF3008208A6 /* Tests_macOSLaunchTests.swift */,
			);
			path = "Tests macOS";
			sourceTree = "<group>";
		};
		365742FE28B64E34008208A6 /* View */ = {
			isa = PBXGroup;
			children = (
				365742FF28B64E4F008208A6 /* Home.swift */,
				3657430628B68506008208A6 /* BlurView.swift */,
			);
			path = View;
			sourceTree = "<group>";
		};
		3657430228B66EA9008208A6 /* Model */ = {
			isa = PBXGroup;
			children = (
				3657430328B66EBB008208A6 /* Note.swift */,
			);
			path = Model;
			sourceTree = "<group>";
		};
/* End PBXGroup section */

/* Begin PBXNativeTarget section */
		365742C828B64CF2008208A6 /* NoteApp-MultiPlatform (iOS) */ = {
			isa = PBXNativeTarget;
			buildConfigurationList = 365742F228B64CF3008208A6 /* Build configuration list for PBXNativeTarget "NoteApp-MultiPlatform (iOS)" */;
			buildPhases = (
				365742C528B64CF2008208A6 /* Sources */,
				365742C628B64CF2008208A6 /* Frameworks */,
				365742C728B64CF2008208A6 /* Resources */,
			);
			buildRules = (
			);
			dependencies = (
			);
			name = "NoteApp-MultiPlatform (iOS)";
			productName = "NoteApp-MultiPlatform (iOS)";
			productReference = 365742C928B64CF2008208A6 /* NoteApp-MultiPlatform.app */;
			productType = "com.apple.product-type.application";
		};
		365742CE28B64CF2008208A6 /* NoteApp-MultiPlatform (macOS) */ = {
			isa = PBXNativeTarget;
			buildConfigurationList = 365742F528B64CF3008208A6 /* Build configuration list for PBXNativeTarget "NoteApp-MultiPlatform (macOS)" */;
			buildPhases = (
				365742CB28B64CF2008208A6 /* Sources */,
				365742CC28B64CF2008208A6 /* Frameworks */,
				365742CD28B64CF2008208A6 /* Resources */,
			);
			buildRules = (
			);
			dependencies = (
			);
			name = "NoteApp-MultiPlatform (macOS)";
			productName = "NoteApp-MultiPlatform (macOS)";
			productReference = 365742CF28B64CF2008208A6 /* NoteApp-MultiPlatform.app */;
			productType = "com.apple.product-type.application";
		};
		365742D528B64CF3008208A6 /* Tests iOS */ = {
			isa = PBXNativeTarget;
			buildConfigurationList = 365742F828B64CF3008208A6 /* Build configuration list for PBXNativeTarget "Tests iOS" */;
			buildPhases = (
				365742D228B64CF3008208A6 /* Sources */,
				365742D328B64CF3008208A6 /* Frameworks */,
				365742D428B64CF3008208A6 /* Resources */,
			);
			buildRules = (
			);
			dependencies = (
				365742D828B64CF3008208A6 /* PBXTargetDependency */,
			);
			name = "Tests iOS";
			productName = "Tests iOS";
			productReference = 365742D628B64CF3008208A6 /* Tests iOS.xctest */;
			productType = "com.apple.product-type.bundle.ui-testing";
		};
		365742E128B64CF3008208A6 /* Tests macOS */ = {
			isa = PBXNativeTarget;
			buildConfigurationList = 365742FB28B64CF3008208A6 /* Build configuration list for PBXNativeTarget "Tests macOS" */;
			buildPhases = (
				365742DE28B64CF3008208A6 /* Sources */,
				365742DF28B64CF3008208A6 /* Frameworks */,
				365742E028B64CF3008208A6 /* Resources */,
			);
			buildRules = (
			);
			dependencies = (
				365742E428B64CF3008208A6 /* PBXTargetDependency */,
			);
			name = "Tests macOS";
			productName = "Tests macOS";
			productReference = 365742E228B64CF3008208A6 /* Tests macOS.xctest */;
			productType = "com.apple.product-type.bundle.ui-testing";
		};
/* End PBXNativeTarget section */

/* Begin PBXProject section */
		365742BD28B64CF0008208A6 /* Project object */ = {
			isa = PBXProject;
			attributes = {
				BuildIndependentTargetsInParallel = 1;
				LastSwiftUpdateCheck = 1340;
				LastUpgradeCheck = 1340;
				TargetAttributes = {
					365742C828B64CF2008208A6 = {
						CreatedOnToolsVersion = 13.4.1;
					};
					365742CE28B64CF2008208A6 = {
						CreatedOnToolsVersion = 13.4.1;
					};
					365742D528B64CF3008208A6 = {
						CreatedOnToolsVersion = 13.4.1;
						TestTargetID = 365742C828B64CF2008208A6;
					};
					365742E128B64CF3008208A6 = {
						CreatedOnToolsVersion = 13.4.1;
						TestTargetID = 365742CE28B64CF2008208A6;
					};
				};
			};
			buildConfigurationList = 365742C028B64CF0008208A6 /* Build configuration list for PBXProject "NoteApp-MultiPlatform" */;
			compatibilityVersion = "Xcode 13.0";
			developmentRegion = en;
			hasScannedForEncodings = 0;
			knownRegions = (
				en,
				Base,
			);
			mainGroup = 365742BC28B64CF0008208A6;
			productRefGroup = 365742CA28B64CF2008208A6 /* Products */;
			projectDirPath = "";
			projectRoot = "";
			targets = (
				365742C828B64CF2008208A6 /* NoteApp-MultiPlatform (iOS) */,
				365742CE28B64CF2008208A6 /* NoteApp-MultiPlatform (macOS) */,
				365742D528B64CF3008208A6 /* Tests iOS */,
				365742E128B64CF3008208A6 /* Tests macOS */,
			);
		};
/* End PBXProject section */

/* Begin PBXResourcesBuildPhase section */
		365742C728B64CF2008208A6 /* Resources */ = {
			isa = PBXResourcesBuildPhase;
			buildActionMask = 2147483647;
			files = (
				365742EE28B64CF3008208A6 /* Assets.xcassets in Resources */,
			);
			runOnlyForDeploymentPostprocessing = 0;
		};
		365742CD28B64CF2008208A6 /* Resources */ = {
			isa = PBXResourcesBuildPhase;
			buildActionMask = 2147483647;
			files = (
				365742EF28B64CF3008208A6 /* Assets.xcassets in Resources */,
			);
			runOnlyForDeploymentPostprocessing = 0;
		};
		365742D428B64CF3008208A6 /* Resources */ = {
			isa = PBXResourcesBuildPhase;
			buildActionMask = 2147483647;
			files = (
			);
			runOnlyForDeploymentPostprocessing = 0;
		};
		365742E028B64CF3008208A6 /* Resources */ = {
			isa = PBXResourcesBuildPhase;
			buildActionMask = 2147483647;
			files = (
			);
			runOnlyForDeploymentPostprocessing = 0;
		};
/* End PBXResourcesBuildPhase section */

/* Begin PBXSourcesBuildPhase section */
		365742C528B64CF2008208A6 /* Sources */ = {
			isa = PBXSourcesBuildPhase;
			buildActionMask = 2147483647;
			files = (
				365742EC28B64CF3008208A6 /* ContentView.swift in Sources */,
				3657430028B64E4F008208A6 /* Home.swift in Sources */,
				3657430728B68506008208A6 /* BlurView.swift in Sources */,
				365742EA28B64CF3008208A6 /* NoteApp_MultiPlatformApp.swift in Sources */,
				3657430428B66EBB008208A6 /* Note.swift in Sources */,
			);
			runOnlyForDeploymentPostprocessing = 0;
		};
		365742CB28B64CF2008208A6 /* Sources */ = {
			isa = PBXSourcesBuildPhase;
			buildActionMask = 2147483647;
			files = (
				365742ED28B64CF3008208A6 /* ContentView.swift in Sources */,
				3657430128B64E5D008208A6 /* Home.swift in Sources */,
				365742EB28B64CF3008208A6 /* NoteApp_MultiPlatformApp.swift in Sources */,
				3657430528B67108008208A6 /* Note.swift in Sources */,
			);
			runOnlyForDeploymentPostprocessing = 0;
		};
		365742D228B64CF3008208A6 /* Sources */ = {
			isa = PBXSourcesBuildPhase;
			buildActionMask = 2147483647;
			files = (
				365742DD28B64CF3008208A6 /* Tests_iOSLaunchTests.swift in Sources */,
				365742DB28B64CF3008208A6 /* Tests_iOS.swift in Sources */,
			);
			runOnlyForDeploymentPostprocessing = 0;
		};
		365742DE28B64CF3008208A6 /* Sources */ = {
			isa = PBXSourcesBuildPhase;
			buildActionMask = 2147483647;
			files = (
				365742E928B64CF3008208A6 /* Tests_macOSLaunchTests.swift in Sources */,
				365742E728B64CF3008208A6 /* Tests_macOS.swift in Sources */,
			);
			runOnlyForDeploymentPostprocessing = 0;
		};
/* End PBXSourcesBuildPhase section */

/* Begin PBXTargetDependency section */
		365742D828B64CF3008208A6 /* PBXTargetDependency */ = {
			isa = PBXTargetDependency;
			target = 365742C828B64CF2008208A6 /* NoteApp-MultiPlatform (iOS) */;
			targetProxy = 365742D728B64CF3008208A6 /* PBXContainerItemProxy */;
		};
		365742E428B64CF3008208A6 /* PBXTargetDependency */ = {
			isa = PBXTargetDependency;
			target = 365742CE28B64CF2008208A6 /* NoteApp-MultiPlatform (macOS) */;
			targetProxy = 365742E328B64CF3008208A6 /* PBXContainerItemProxy */;
		};
/* End PBXTargetDependency section */

/* Begin XCBuildConfiguration section */
		365742F028B64CF3008208A6 /* Debug */ = {
			isa = XCBuildConfiguration;
			buildSettings = {
				ALWAYS_SEARCH_USER_PATHS = NO;
				CLANG_ANALYZER_NONNULL = YES;
				CLANG_ANALYZER_NUMBER_OBJECT_CONVERSION = YES_AGGRESSIVE;
				CLANG_CXX_LANGUAGE_STANDARD = "gnu++17";
				CLANG_ENABLE_MODULES = YES;
				CLANG_ENABLE_OBJC_ARC = YES;
				CLANG_ENABLE_OBJC_WEAK = YES;
				CLANG_WARN_BLOCK_CAPTURE_AUTORELEASING = YES;
				CLANG_WARN_BOOL_CONVERSION = YES;
				CLANG_WARN_COMMA = YES;
				CLANG_WARN_CONSTANT_CONVERSION = YES;
				CLANG_WARN_DEPRECATED_OBJC_IMPLEMENTATIONS = YES;
				CLANG_WARN_DIRECT_OBJC_ISA_USAGE = YES_ERROR;
				CLANG_WARN_DOCUMENTATION_COMMENTS = YES;
				CLANG_WARN_EMPTY_BODY = YES;
				CLANG_WARN_ENUM_CONVERSION = YES;
				CLANG_WARN_INFINITE_RECURSION = YES;
				CLANG_WARN_INT_CONVERSION = YES;
				CLANG_WARN_NON_LITERAL_NULL_CONVERSION = YES;
				CLANG_WARN_OBJC_IMPLICIT_RETAIN_SELF = YES;
				CLANG_WARN_OBJC_LITERAL_CONVERSION = YES;
				CLANG_WARN_OBJC_ROOT_CLASS = YES_ERROR;
				CLANG_WARN_QUOTED_INCLUDE_IN_FRAMEWORK_HEADER = YES;
				CLANG_WARN_RANGE_LOOP_ANALYSIS = YES;
				CLANG_WARN_STRICT_PROTOTYPES = YES;
				CLANG_WARN_SUSPICIOUS_MOVE = YES;
				CLANG_WARN_UNGUARDED_AVAILABILITY = YES_AGGRESSIVE;
				CLANG_WARN_UNREACHABLE_CODE = YES;
				CLANG_WARN__DUPLICATE_METHOD_MATCH = YES;
				COPY_PHASE_STRIP = NO;
				DEBUG_INFORMATION_FORMAT = dwarf;
				ENABLE_STRICT_OBJC_MSGSEND = YES;
				ENABLE_TESTABILITY = YES;
				GCC_C_LANGUAGE_STANDARD = gnu11;
				GCC_DYNAMIC_NO_PIC = NO;
				GCC_NO_COMMON_BLOCKS = YES;
				GCC_OPTIMIZATION_LEVEL = 0;
				GCC_PREPROCESSOR_DEFINITIONS = (
					"DEBUG=1",
					"$(inherited)",
				);
				GCC_WARN_64_TO_32_BIT_CONVERSION = YES;
				GCC_WARN_ABOUT_RETURN_TYPE = YES_ERROR;
				GCC_WARN_UNDECLARED_SELECTOR = YES;
				GCC_WARN_UNINITIALIZED_AUTOS = YES_AGGRESSIVE;
				GCC_WARN_UNUSED_FUNCTION = YES;
				GCC_WARN_UNUSED_VARIABLE = YES;
				MTL_ENABLE_DEBUG_INFO = INCLUDE_SOURCE;
				MTL_FAST_MATH = YES;
				ONLY_ACTIVE_ARCH = YES;
				SWIFT_ACTIVE_COMPILATION_CONDITIONS = DEBUG;
				SWIFT_OPTIMIZATION_LEVEL = "-Onone";
			};
			name = Debug;
		};
		365742F128B64CF3008208A6 /* Release */ = {
			isa = XCBuildConfiguration;
			buildSettings = {
				ALWAYS_SEARCH_USER_PATHS = NO;
				CLANG_ANALYZER_NONNULL = YES;
				CLANG_ANALYZER_NUMBER_OBJECT_CONVERSION = YES_AGGRESSIVE;
				CLANG_CXX_LANGUAGE_STANDARD = "gnu++17";
				CLANG_ENABLE_MODULES = YES;
				CLANG_ENABLE_OBJC_ARC = YES;
				CLANG_ENABLE_OBJC_WEAK = YES;
				CLANG_WARN_BLOCK_CAPTURE_AUTORELEASING = YES;
				CLANG_WARN_BOOL_CONVERSION = YES;
				CLANG_WARN_COMMA = YES;
				CLANG_WARN_CONSTANT_CONVERSION = YES;
				CLANG_WARN_DEPRECATED_OBJC_IMPLEMENTATIONS = YES;
				CLANG_WARN_DIRECT_OBJC_ISA_USAGE = YES_ERROR;
				CLANG_WARN_DOCUMENTATION_COMMENTS = YES;
				CLANG_WARN_EMPTY_BODY = YES;
				CLANG_WARN_ENUM_CONVERSION = YES;
				CLANG_WARN_INFINITE_RECURSION = YES;
				CLANG_WARN_INT_CONVERSION = YES;
				CLANG_WARN_NON_LITERAL_NULL_CONVERSION = YES;
				CLANG_WARN_OBJC_IMPLICIT_RETAIN_SELF = YES;
				CLANG_WARN_OBJC_LITERAL_CONVERSION = YES;
				CLANG_WARN_OBJC_ROOT_CLASS = YES_ERROR;
				CLANG_WARN_QUOTED_INCLUDE_IN_FRAMEWORK_HEADER = YES;
				CLANG_WARN_RANGE_LOOP_ANALYSIS = YES;
				CLANG_WARN_STRICT_PROTOTYPES = YES;
				CLANG_WARN_SUSPICIOUS_MOVE = YES;
				CLANG_WARN_UNGUARDED_AVAILABILITY = YES_AGGRESSIVE;
				CLANG_WARN_UNREACHABLE_CODE = YES;
				CLANG_WARN__DUPLICATE_METHOD_MATCH = YES;
				COPY_PHASE_STRIP = NO;
				DEBUG_INFORMATION_FORMAT = "dwarf-with-dsym";
				ENABLE_NS_ASSERTIONS = NO;
				ENABLE_STRICT_OBJC_MSGSEND = YES;
				GCC_C_LANGUAGE_STANDARD = gnu11;
				GCC_NO_COMMON_BLOCKS = YES;
				GCC_WARN_64_TO_32_BIT_CONVERSION = YES;
				GCC_WARN_ABOUT_RETURN_TYPE = YES_ERROR;
				GCC_WARN_UNDECLARED_SELECTOR = YES;
				GCC_WARN_UNINITIALIZED_AUTOS = YES_AGGRESSIVE;
				GCC_WARN_UNUSED_FUNCTION = YES;
				GCC_WARN_UNUSED_VARIABLE = YES;
				MTL_ENABLE_DEBUG_INFO = NO;
				MTL_FAST_MATH = YES;
				SWIFT_COMPILATION_MODE = wholemodule;
				SWIFT_OPTIMIZATION_LEVEL = "-O";
			};
			name = Release;
		};
		365742F328B64CF3008208A6 /* Debug */ = {
			isa = XCBuildConfiguration;
			buildSettings = {
				ASSETCATALOG_COMPILER_APPICON_NAME = AppIcon;
				ASSETCATALOG_COMPILER_GLOBAL_ACCENT_COLOR_NAME = AccentColor;
				CODE_SIGN_STYLE = Automatic;
				CURRENT_PROJECT_VERSION = 1;
				ENABLE_PREVIEWS = YES;
				GENERATE_INFOPLIST_FILE = YES;
				INFOPLIST_KEY_UIApplicationSceneManifest_Generation = YES;
				INFOPLIST_KEY_UIApplicationSupportsIndirectInputEvents = YES;
				INFOPLIST_KEY_UILaunchScreen_Generation = YES;
				INFOPLIST_KEY_UISupportedInterfaceOrientations_iPad = "UIInterfaceOrientationPortrait UIInterfaceOrientationPortraitUpsideDown UIInterfaceOrientationLandscapeLeft UIInterfaceOrientationLandscapeRight";
				INFOPLIST_KEY_UISupportedInterfaceOrientations_iPhone = "UIInterfaceOrientationPortrait UIInterfaceOrientationLandscapeLeft UIInterfaceOrientationLandscapeRight";
				IPHONEOS_DEPLOYMENT_TARGET = 15.5;
				LD_RUNPATH_SEARCH_PATHS = (
					"$(inherited)",
					"@executable_path/Frameworks",
				);
				MARKETING_VERSION = 1.0;
				PRODUCT_BUNDLE_IDENTIFIER = "com.gourav.NoteApp-MultiPlatform";
				PRODUCT_NAME = "NoteApp-MultiPlatform";
				SDKROOT = iphoneos;
				SWIFT_EMIT_LOC_STRINGS = YES;
				SWIFT_VERSION = 5.0;
				TARGETED_DEVICE_FAMILY = "1,2";
			};
			name = Debug;
		};
		365742F428B64CF3008208A6 /* Release */ = {
			isa = XCBuildConfiguration;
			buildSettings = {
				ASSETCATALOG_COMPILER_APPICON_NAME = AppIcon;
				ASSETCATALOG_COMPILER_GLOBAL_ACCENT_COLOR_NAME = AccentColor;
				CODE_SIGN_STYLE = Automatic;
				CURRENT_PROJECT_VERSION = 1;
				ENABLE_PREVIEWS = YES;
				GENERATE_INFOPLIST_FILE = YES;
				INFOPLIST_KEY_UIApplicationSceneManifest_Generation = YES;
				INFOPLIST_KEY_UIApplicationSupportsIndirectInputEvents = YES;
				INFOPLIST_KEY_UILaunchScreen_Generation = YES;
				INFOPLIST_KEY_UISupportedInterfaceOrientations_iPad = "UIInterfaceOrientationPortrait UIInterfaceOrientationPortraitUpsideDown UIInterfaceOrientationLandscapeLeft UIInterfaceOrientationLandscapeRight";
				INFOPLIST_KEY_UISupportedInterfaceOrientations_iPhone = "UIInterfaceOrientationPortrait UIInterfaceOrientationLandscapeLeft UIInterfaceOrientationLandscapeRight";
				IPHONEOS_DEPLOYMENT_TARGET = 15.5;
				LD_RUNPATH_SEARCH_PATHS = (
					"$(inherited)",
					"@executable_path/Frameworks",
				);
				MARKETING_VERSION = 1.0;
				PRODUCT_BUNDLE_IDENTIFIER = "com.gourav.NoteApp-MultiPlatform";
				PRODUCT_NAME = "NoteApp-MultiPlatform";
				SDKROOT = iphoneos;
				SWIFT_EMIT_LOC_STRINGS = YES;
				SWIFT_VERSION = 5.0;
				TARGETED_DEVICE_FAMILY = "1,2";
				VALIDATE_PRODUCT = YES;
			};
			name = Release;
		};
		365742F628B64CF3008208A6 /* Debug */ = {
			isa = XCBuildConfiguration;
			buildSettings = {
				ASSETCATALOG_COMPILER_APPICON_NAME = AppIcon;
				ASSETCATALOG_COMPILER_GLOBAL_ACCENT_COLOR_NAME = AccentColor;
				CODE_SIGN_ENTITLEMENTS = macOS/macOS.entitlements;
				CODE_SIGN_STYLE = Automatic;
				COMBINE_HIDPI_IMAGES = YES;
				CURRENT_PROJECT_VERSION = 1;
				ENABLE_PREVIEWS = YES;
				GENERATE_INFOPLIST_FILE = YES;
				INFOPLIST_KEY_NSHumanReadableCopyright = "";
				LD_RUNPATH_SEARCH_PATHS = (
					"$(inherited)",
					"@executable_path/../Frameworks",
				);
				MACOSX_DEPLOYMENT_TARGET = 12.3;
				MARKETING_VERSION = 1.0;
				PRODUCT_BUNDLE_IDENTIFIER = "com.gourav.NoteApp-MultiPlatform";
				PRODUCT_NAME = "NoteApp-MultiPlatform";
				SDKROOT = macosx;
				SWIFT_EMIT_LOC_STRINGS = YES;
				SWIFT_VERSION = 5.0;
			};
			name = Debug;
		};
		365742F728B64CF3008208A6 /* Release */ = {
			isa = XCBuildConfiguration;
			buildSettings = {
				ASSETCATALOG_COMPILER_APPICON_NAME = AppIcon;
				ASSETCATALOG_COMPILER_GLOBAL_ACCENT_COLOR_NAME = AccentColor;
				CODE_SIGN_ENTITLEMENTS = macOS/macOS.entitlements;
				CODE_SIGN_STYLE = Automatic;
				COMBINE_HIDPI_IMAGES = YES;
				CURRENT_PROJECT_VERSION = 1;
				ENABLE_PREVIEWS = YES;
				GENERATE_INFOPLIST_FILE = YES;
				INFOPLIST_KEY_NSHumanReadableCopyright = "";
				LD_RUNPATH_SEARCH_PATHS = (
					"$(inherited)",
					"@executable_path/../Frameworks",
				);
				MACOSX_DEPLOYMENT_TARGET = 12.3;
				MARKETING_VERSION = 1.0;
				PRODUCT_BUNDLE_IDENTIFIER = "com.gourav.NoteApp-MultiPlatform";
				PRODUCT_NAME = "NoteApp-MultiPlatform";
				SDKROOT = macosx;
				SWIFT_EMIT_LOC_STRINGS = YES;
				SWIFT_VERSION = 5.0;
			};
			name = Release;
		};
		365742F928B64CF3008208A6 /* Debug */ = {
			isa = XCBuildConfiguration;
			buildSettings = {
				ALWAYS_EMBED_SWIFT_STANDARD_LIBRARIES = YES;
				CODE_SIGN_STYLE = Automatic;
				CURRENT_PROJECT_VERSION = 1;
				GENERATE_INFOPLIST_FILE = YES;
				IPHONEOS_DEPLOYMENT_TARGET = 15.5;
				MARKETING_VERSION = 1.0;
				PRODUCT_BUNDLE_IDENTIFIER = "com.gourav.Tests-iOS";
				PRODUCT_NAME = "$(TARGET_NAME)";
				SDKROOT = iphoneos;
				SWIFT_EMIT_LOC_STRINGS = NO;
				SWIFT_VERSION = 5.0;
				TARGETED_DEVICE_FAMILY = "1,2";
				TEST_TARGET_NAME = "NoteApp-MultiPlatform (iOS)";
			};
			name = Debug;
		};
		365742FA28B64CF3008208A6 /* Release */ = {
			isa = XCBuildConfiguration;
			buildSettings = {
				ALWAYS_EMBED_SWIFT_STANDARD_LIBRARIES = YES;
				CODE_SIGN_STYLE = Automatic;
				CURRENT_PROJECT_VERSION = 1;
				GENERATE_INFOPLIST_FILE = YES;
				IPHONEOS_DEPLOYMENT_TARGET = 15.5;
				MARKETING_VERSION = 1.0;
				PRODUCT_BUNDLE_IDENTIFIER = "com.gourav.Tests-iOS";
				PRODUCT_NAME = "$(TARGET_NAME)";
				SDKROOT = iphoneos;
				SWIFT_EMIT_LOC_STRINGS = NO;
				SWIFT_VERSION = 5.0;
				TARGETED_DEVICE_FAMILY = "1,2";
				TEST_TARGET_NAME = "NoteApp-MultiPlatform (iOS)";
				VALIDATE_PRODUCT = YES;
			};
			name = Release;
		};
		365742FC28B64CF3008208A6 /* Debug */ = {
			isa = XCBuildConfiguration;
			buildSettings = {
				ALWAYS_EMBED_SWIFT_STANDARD_LIBRARIES = YES;
				CODE_SIGN_STYLE = Automatic;
				CURRENT_PROJECT_VERSION = 1;
				GENERATE_INFOPLIST_FILE = YES;
				MACOSX_DEPLOYMENT_TARGET = 12.3;
				MARKETING_VERSION = 1.0;
				PRODUCT_BUNDLE_IDENTIFIER = "com.gourav.Tests-macOS";
				PRODUCT_NAME = "$(TARGET_NAME)";
				SDKROOT = macosx;
				SWIFT_EMIT_LOC_STRINGS = NO;
				SWIFT_VERSION = 5.0;
				TEST_TARGET_NAME = "NoteApp-MultiPlatform (macOS)";
			};
			name = Debug;
		};
		365742FD28B64CF3008208A6 /* Release */ = {
			isa = XCBuildConfiguration;
			buildSettings = {
				ALWAYS_EMBED_SWIFT_STANDARD_LIBRARIES = YES;
				CODE_SIGN_STYLE = Automatic;
				CURRENT_PROJECT_VERSION = 1;
				GENERATE_INFOPLIST_FILE = YES;
				MACOSX_DEPLOYMENT_TARGET = 12.3;
				MARKETING_VERSION = 1.0;
				PRODUCT_BUNDLE_IDENTIFIER = "com.gourav.Tests-macOS";
				PRODUCT_NAME = "$(TARGET_NAME)";
				SDKROOT = macosx;
				SWIFT_EMIT_LOC_STRINGS = NO;
				SWIFT_VERSION = 5.0;
				TEST_TARGET_NAME = "NoteApp-MultiPlatform (macOS)";
			};
			name = Release;
		};
/* End XCBuildConfiguration section */

/* Begin XCConfigurationList section */
		365742C028B64CF0008208A6 /* Build configuration list for PBXProject "NoteApp-MultiPlatform" */ = {
			isa = XCConfigurationList;
			buildConfigurations = (
				365742F028B64CF3008208A6 /* Debug */,
				365742F128B64CF3008208A6 /* Release */,
			);
			defaultConfigurationIsVisible = 0;
			defaultConfigurationName = Release;
		};
		365742F228B64CF3008208A6 /* Build configuration list for PBXNativeTarget "NoteApp-MultiPlatform (iOS)" */ = {
			isa = XCConfigurationList;
			buildConfigurations = (
				365742F328B64CF3008208A6 /* Debug */,
				365742F428B64CF3008208A6 /* Release */,
			);
			defaultConfigurationIsVisible = 0;
			defaultConfigurationName = Release;
		};
		365742F528B64CF3008208A6 /* Build configuration list for PBXNativeTarget "NoteApp-MultiPlatform (macOS)" */ = {
			isa = XCConfigurationList;
			buildConfigurations = (
				365742F628B64CF3008208A6 /* Debug */,
				365742F728B64CF3008208A6 /* Release */,
			);
			defaultConfigurationIsVisible = 0;
			defaultConfigurationName = Release;
		};
		365742F828B64CF3008208A6 /* Build configuration list for PBXNativeTarget "Tests iOS" */ = {
			isa = XCConfigurationList;
			buildConfigurations = (
				365742F928B64CF3008208A6 /* Debug */,
				365742FA28B64CF3008208A6 /* Release */,
			);
			defaultConfigurationIsVisible = 0;
			defaultConfigurationName = Release;
		};
		365742FB28B64CF3008208A6 /* Build configuration list for PBXNativeTarget "Tests macOS" */ = {
			isa = XCConfigurationList;
			buildConfigurations = (
				365742FC28B64CF3008208A6 /* Debug */,
				365742FD28B64CF3008208A6 /* Release */,
			);
			defaultConfigurationIsVisible = 0;
			defaultConfigurationName = Release;
		};
/* End XCConfigurationList section */
	};
	rootObject = 365742BD28B64CF0008208A6 /* Project object */;
}
